
Microsoft Visual Studio Solution File, Format Version 12.00
# Visual Studio Version 17
VisualStudioVersion = 17.9.34728.123
MinimumVisualStudioVersion = 10.0.40219.1
Project("{2150E333-8FDC-42A3-9474-1A3956D46DE8}") = "src", "src", "{FF5A6B5D-DEE3-4147-80A6-20993AE0F637}"
EndProject
Project("{FAE04EC0-301F-11D3-BF4B-00C04F79EFBC}") = "Domain", "Domain\Domain.csproj", "{55937C21-6A70-4E2F-8717-A749C0530B35}"
EndProject
Project("{FAE04EC0-301F-11D3-BF4B-00C04F79EFBC}") = "Application", "Application\Application.csproj", "{31796605-6BE7-4CF5-A28B-11E39EDD390E}"
EndProject
Project("{FAE04EC0-301F-11D3-BF4B-00C04F79EFBC}") = "Infrastructure", "Infrastructure\Infrastructure.csproj", "{36757B91-1684-43CD-99FA-BCA0ED344DF8}"
EndProject
Project("{FAE04EC0-301F-11D3-BF4B-00C04F79EFBC}") = "WebApi", "WebApi\WebApi.csproj", "{BF579FB6-B370-414E-B278-9E0990AA62DC}"
EndProject
Global
	GlobalSection(SolutionConfigurationPlatforms) = preSolution
		Debug|Any CPU = Debug|Any CPU
		Release|Any CPU = Release|Any CPU
	EndGlobalSection
	GlobalSection(ProjectConfigurationPlatforms) = postSolution
		{55937C21-6A70-4E2F-8717-A749C0530B35}.Debug|Any CPU.ActiveCfg = Debug|Any CPU
		{55937C21-6A70-4E2F-8717-A749C0530B35}.Debug|Any CPU.Build.0 = Debug|Any CPU
		{55937C21-6A70-4E2F-8717-A749C0530B35}.Release|Any CPU.ActiveCfg = Release|Any CPU
		{55937C21-6A70-4E2F-8717-A749C0530B35}.Release|Any CPU.Build.0 = Release|Any CPU
		{31796605-6BE7-4CF5-A28B-11E39EDD390E}.Debug|Any CPU.ActiveCfg = Debug|Any CPU
		{31796605-6BE7-4CF5-A28B-11E39EDD390E}.Debug|Any CPU.Build.0 = Debug|Any CPU
		{31796605-6BE7-4CF5-A28B-11E39EDD390E}.Release|Any CPU.ActiveCfg = Release|Any CPU
		{31796605-6BE7-4CF5-A28B-11E39EDD390E}.Release|Any CPU.Build.0 = Release|Any CPU
		{36757B91-1684-43CD-99FA-BCA0ED344DF8}.Debug|Any CPU.ActiveCfg = Debug|Any CPU
		{36757B91-1684-43CD-99FA-BCA0ED344DF8}.Debug|Any CPU.Build.0 = Debug|Any CPU
		{36757B91-1684-43CD-99FA-BCA0ED344DF8}.Release|Any CPU.ActiveCfg = Release|Any CPU
		{36757B91-1684-43CD-99FA-BCA0ED344DF8}.Release|Any CPU.Build.0 = Release|Any CPU
		{BF579FB6-B370-414E-B278-9E0990AA62DC}.Debug|Any CPU.ActiveCfg = Debug|Any CPU
		{BF579FB6-B370-414E-B278-9E0990AA62DC}.Debug|Any CPU.Build.0 = Debug|Any CPU
		{BF579FB6-B370-414E-B278-9E0990AA62DC}.Release|Any CPU.ActiveCfg = Release|Any CPU
		{BF579FB6-B370-414E-B278-9E0990AA62DC}.Release|Any CPU.Build.0 = Release|Any CPU
	EndGlobalSection
	GlobalSection(SolutionProperties) = preSolution
		HideSolutionNode = FALSE
	EndGlobalSection
	GlobalSection(NestedProjects) = preSolution
		{55937C21-6A70-4E2F-8717-A749C0530B35} = {FF5A6B5D-DEE3-4147-80A6-20993AE0F637}
		{31796605-6BE7-4CF5-A28B-11E39EDD390E} = {FF5A6B5D-DEE3-4147-80A6-20993AE0F637}
		{36757B91-1684-43CD-99FA-BCA0ED344DF8} = {FF5A6B5D-DEE3-4147-80A6-20993AE0F637}
		{BF579FB6-B370-414E-B278-9E0990AA62DC} = {FF5A6B5D-DEE3-4147-80A6-20993AE0F637}
	EndGlobalSection
	GlobalSection(ExtensibilityGlobals) = postSolution
		SolutionGuid = {A306CEB4-7A16-41EB-AC1F-7A793061BB3A}
	EndGlobalSection
EndGlobal
